
Microsoft Visual Studio Solution File, Format Version 12.00
# Visual Studio Version 17
VisualStudioVersion = 17.0.31903.59
MinimumVisualStudioVersion = 10.0.40219.1
Project("{FAE04EC0-301F-11D3-BF4B-00C04F79EFBC}") = "3DGodCreator.Core", "3DGodCreator.Core\3DGodCreator.Core.csproj", "{A1B2C3D4-E5F6-7890-ABCD-EF1234567890}"
EndProject
Project("{FAE04EC0-301F-11D3-BF4B-00C04F79EFBC}") = "3DGodCreator.App", "3DGodCreator.App\3DGodCreator.App.csproj", "{B2C3D4E5-F6A7-8901-BCDE-F12345678901}"
EndProject
Project("{FAE04EC0-301F-11D3-BF4B-00C04F79EFBC}") = "3DGodCreator.Core.Tests", "3DGodCreator.Core.Tests\3DGodCreator.Core.Tests.csproj", "{62075868-D989-4B1A-B6D6-6EB3F61FC258}"
EndProject
Project("{2150E333-8FDC-42A3-9474-1A3956D46DE8}") = "src", "src", "{827E0CD3-B72D-47B6-A68D-7590B98EB39B}"
EndProject
Project("{FAE04EC0-301F-11D3-BF4B-00C04F79EFBC}") = "ThreeDGod.Core", "src\ThreeDGod.Core\ThreeDGod.Core.csproj", "{1453E0A7-7529-44F9-AD4A-0FE0FFBC4507}"
EndProject
Project("{FAE04EC0-301F-11D3-BF4B-00C04F79EFBC}") = "ThreeDGod.Application", "src\ThreeDGod.Application\ThreeDGod.Application.csproj", "{9F8D6113-2F2E-477B-9B34-27E75EEB73F2}"
EndProject
Project("{FAE04EC0-301F-11D3-BF4B-00C04F79EFBC}") = "ThreeDGod.Infrastructure", "src\ThreeDGod.Infrastructure\ThreeDGod.Infrastructure.csproj", "{C4E543F1-4BAE-4E65-B6D9-85AC7ADFBA49}"
EndProject
Project("{FAE04EC0-301F-11D3-BF4B-00C04F79EFBC}") = "ThreeDGod.Rendering", "src\ThreeDGod.Rendering\ThreeDGod.Rendering.csproj", "{6A78C2A6-6340-4235-8012-45517B025FCA}"
EndProject
Project("{FAE04EC0-301F-11D3-BF4B-00C04F79EFBC}") = "ThreeDGod.AI", "src\ThreeDGod.AI\ThreeDGod.AI.csproj", "{2CE4A684-15EC-4DC3-87F3-06C2AA078867}"
EndProject
Project("{FAE04EC0-301F-11D3-BF4B-00C04F79EFBC}") = "ThreeDGod.Workers", "src\ThreeDGod.Workers\ThreeDGod.Workers.csproj", "{FDF1D292-1B18-42B3-8594-B15F7164D958}"
EndProject
Project("{FAE04EC0-301F-11D3-BF4B-00C04F79EFBC}") = "ThreeDGod.Mesh", "src\ThreeDGod.Mesh\ThreeDGod.Mesh.csproj", "{CEBDEBDA-B6E5-4630-AB2D-1A19A4CBD643}"
EndProject
Project("{FAE04EC0-301F-11D3-BF4B-00C04F79EFBC}") = "ThreeDGod.Rigging", "src\ThreeDGod.Rigging\ThreeDGod.Rigging.csproj", "{0132C914-4930-4781-A588-EB9F61013A59}"
EndProject
Project("{FAE04EC0-301F-11D3-BF4B-00C04F79EFBC}") = "ThreeDGod.Export", "src\ThreeDGod.Export\ThreeDGod.Export.csproj", "{A268D764-2EDE-4AC9-B331-D50CDBE9BEE7}"
EndProject
Project("{FAE04EC0-301F-11D3-BF4B-00C04F79EFBC}") = "ThreeDGod.Persistence", "src\ThreeDGod.Persistence\ThreeDGod.Persistence.csproj", "{C985964F-1329-41F5-80B4-DD8509066948}"
EndProject
Project("{FAE04EC0-301F-11D3-BF4B-00C04F79EFBC}") = "ThreeDGod.Physics", "src\ThreeDGod.Physics\ThreeDGod.Physics.csproj", "{20499D0F-94F4-4745-8F4E-2EC2CE7DCE0A}"
EndProject
Global
	GlobalSection(SolutionConfigurationPlatforms) = preSolution
		Debug|Any CPU = Debug|Any CPU
		Debug|x64 = Debug|x64
		Debug|x86 = Debug|x86
		Release|Any CPU = Release|Any CPU
		Release|x64 = Release|x64
		Release|x86 = Release|x86
	EndGlobalSection
	GlobalSection(ProjectConfigurationPlatforms) = postSolution
		{A1B2C3D4-E5F6-7890-ABCD-EF1234567890}.Debug|Any CPU.ActiveCfg = Debug|Any CPU
		{A1B2C3D4-E5F6-7890-ABCD-EF1234567890}.Debug|Any CPU.Build.0 = Debug|Any CPU
		{A1B2C3D4-E5F6-7890-ABCD-EF1234567890}.Debug|x64.ActiveCfg = Debug|Any CPU
		{A1B2C3D4-E5F6-7890-ABCD-EF1234567890}.Debug|x64.Build.0 = Debug|Any CPU
		{A1B2C3D4-E5F6-7890-ABCD-EF1234567890}.Debug|x86.ActiveCfg = Debug|Any CPU
		{A1B2C3D4-E5F6-7890-ABCD-EF1234567890}.Debug|x86.Build.0 = Debug|Any CPU
		{A1B2C3D4-E5F6-7890-ABCD-EF1234567890}.Release|Any CPU.ActiveCfg = Release|Any CPU
		{A1B2C3D4-E5F6-7890-ABCD-EF1234567890}.Release|Any CPU.Build.0 = Release|Any CPU
		{A1B2C3D4-E5F6-7890-ABCD-EF1234567890}.Release|x64.ActiveCfg = Release|Any CPU
		{A1B2C3D4-E5F6-7890-ABCD-EF1234567890}.Release|x64.Build.0 = Release|Any CPU
		{A1B2C3D4-E5F6-7890-ABCD-EF1234567890}.Release|x86.ActiveCfg = Release|Any CPU
		{A1B2C3D4-E5F6-7890-ABCD-EF1234567890}.Release|x86.Build.0 = Release|Any CPU
		{B2C3D4E5-F6A7-8901-BCDE-F12345678901}.Debug|Any CPU.ActiveCfg = Debug|Any CPU
		{B2C3D4E5-F6A7-8901-BCDE-F12345678901}.Debug|Any CPU.Build.0 = Debug|Any CPU
		{B2C3D4E5-F6A7-8901-BCDE-F12345678901}.Debug|x64.ActiveCfg = Debug|Any CPU
		{B2C3D4E5-F6A7-8901-BCDE-F12345678901}.Debug|x64.Build.0 = Debug|Any CPU
		{B2C3D4E5-F6A7-8901-BCDE-F12345678901}.Debug|x86.ActiveCfg = Debug|Any CPU
		{B2C3D4E5-F6A7-8901-BCDE-F12345678901}.Debug|x86.Build.0 = Debug|Any CPU
		{B2C3D4E5-F6A7-8901-BCDE-F12345678901}.Release|Any CPU.ActiveCfg = Release|Any CPU
		{B2C3D4E5-F6A7-8901-BCDE-F12345678901}.Release|Any CPU.Build.0 = Release|Any CPU
		{B2C3D4E5-F6A7-8901-BCDE-F12345678901}.Release|x64.ActiveCfg = Release|Any CPU
		{B2C3D4E5-F6A7-8901-BCDE-F12345678901}.Release|x64.Build.0 = Release|Any CPU
		{B2C3D4E5-F6A7-8901-BCDE-F12345678901}.Release|x86.ActiveCfg = Release|Any CPU
		{B2C3D4E5-F6A7-8901-BCDE-F12345678901}.Release|x86.Build.0 = Release|Any CPU
		{62075868-D989-4B1A-B6D6-6EB3F61FC258}.Debug|Any CPU.ActiveCfg = Debug|Any CPU
		{62075868-D989-4B1A-B6D6-6EB3F61FC258}.Debug|Any CPU.Build.0 = Debug|Any CPU
		{62075868-D989-4B1A-B6D6-6EB3F61FC258}.Debug|x64.ActiveCfg = Debug|Any CPU
		{62075868-D989-4B1A-B6D6-6EB3F61FC258}.Debug|x64.Build.0 = Debug|Any CPU
		{62075868-D989-4B1A-B6D6-6EB3F61FC258}.Debug|x86.ActiveCfg = Debug|Any CPU
		{62075868-D989-4B1A-B6D6-6EB3F61FC258}.Debug|x86.Build.0 = Debug|Any CPU
		{62075868-D989-4B1A-B6D6-6EB3F61FC258}.Release|Any CPU.ActiveCfg = Release|Any CPU
		{62075868-D989-4B1A-B6D6-6EB3F61FC258}.Release|Any CPU.Build.0 = Release|Any CPU
		{62075868-D989-4B1A-B6D6-6EB3F61FC258}.Release|x64.ActiveCfg = Release|Any CPU
		{62075868-D989-4B1A-B6D6-6EB3F61FC258}.Release|x64.Build.0 = Release|Any CPU
		{62075868-D989-4B1A-B6D6-6EB3F61FC258}.Release|x86.ActiveCfg = Release|Any CPU
		{62075868-D989-4B1A-B6D6-6EB3F61FC258}.Release|x86.Build.0 = Release|Any CPU
		{1453E0A7-7529-44F9-AD4A-0FE0FFBC4507}.Debug|Any CPU.ActiveCfg = Debug|Any CPU
		{1453E0A7-7529-44F9-AD4A-0FE0FFBC4507}.Debug|Any CPU.Build.0 = Debug|Any CPU
		{1453E0A7-7529-44F9-AD4A-0FE0FFBC4507}.Debug|x64.ActiveCfg = Debug|Any CPU
		{1453E0A7-7529-44F9-AD4A-0FE0FFBC4507}.Debug|x64.Build.0 = Debug|Any CPU
		{1453E0A7-7529-44F9-AD4A-0FE0FFBC4507}.Debug|x86.ActiveCfg = Debug|Any CPU
		{1453E0A7-7529-44F9-AD4A-0FE0FFBC4507}.Debug|x86.Build.0 = Debug|Any CPU
		{1453E0A7-7529-44F9-AD4A-0FE0FFBC4507}.Release|Any CPU.ActiveCfg = Release|Any CPU
		{1453E0A7-7529-44F9-AD4A-0FE0FFBC4507}.Release|Any CPU.Build.0 = Release|Any CPU
		{1453E0A7-7529-44F9-AD4A-0FE0FFBC4507}.Release|x64.ActiveCfg = Release|Any CPU
		{1453E0A7-7529-44F9-AD4A-0FE0FFBC4507}.Release|x64.Build.0 = Release|Any CPU
		{1453E0A7-7529-44F9-AD4A-0FE0FFBC4507}.Release|x86.ActiveCfg = Release|Any CPU
		{1453E0A7-7529-44F9-AD4A-0FE0FFBC4507}.Release|x86.Build.0 = Release|Any CPU
		{9F8D6113-2F2E-477B-9B34-27E75EEB73F2}.Debug|Any CPU.ActiveCfg = Debug|Any CPU
		{9F8D6113-2F2E-477B-9B34-27E75EEB73F2}.Debug|Any CPU.Build.0 = Debug|Any CPU
		{9F8D6113-2F2E-477B-9B34-27E75EEB73F2}.Debug|x64.ActiveCfg = Debug|Any CPU
		{9F8D6113-2F2E-477B-9B34-27E75EEB73F2}.Debug|x64.Build.0 = Debug|Any CPU
		{9F8D6113-2F2E-477B-9B34-27E75EEB73F2}.Debug|x86.ActiveCfg = Debug|Any CPU
		{9F8D6113-2F2E-477B-9B34-27E75EEB73F2}.Debug|x86.Build.0 = Debug|Any CPU
		{9F8D6113-2F2E-477B-9B34-27E75EEB73F2}.Release|Any CPU.ActiveCfg = Release|Any CPU
		{9F8D6113-2F2E-477B-9B34-27E75EEB73F2}.Release|Any CPU.Build.0 = Release|Any CPU
		{9F8D6113-2F2E-477B-9B34-27E75EEB73F2}.Release|x64.ActiveCfg = Release|Any CPU
		{9F8D6113-2F2E-477B-9B34-27E75EEB73F2}.Release|x64.Build.0 = Release|Any CPU
		{9F8D6113-2F2E-477B-9B34-27E75EEB73F2}.Release|x86.ActiveCfg = Release|Any CPU
		{9F8D6113-2F2E-477B-9B34-27E75EEB73F2}.Release|x86.Build.0 = Release|Any CPU
		{C4E543F1-4BAE-4E65-B6D9-85AC7ADFBA49}.Debug|Any CPU.ActiveCfg = Debug|Any CPU
		{C4E543F1-4BAE-4E65-B6D9-85AC7ADFBA49}.Debug|Any CPU.Build.0 = Debug|Any CPU
		{C4E543F1-4BAE-4E65-B6D9-85AC7ADFBA49}.Debug|x64.ActiveCfg = Debug|Any CPU
		{C4E543F1-4BAE-4E65-B6D9-85AC7ADFBA49}.Debug|x64.Build.0 = Debug|Any CPU
		{C4E543F1-4BAE-4E65-B6D9-85AC7ADFBA49}.Debug|x86.ActiveCfg = Debug|Any CPU
		{C4E543F1-4BAE-4E65-B6D9-85AC7ADFBA49}.Debug|x86.Build.0 = Debug|Any CPU
		{C4E543F1-4BAE-4E65-B6D9-85AC7ADFBA49}.Release|Any CPU.ActiveCfg = Release|Any CPU
		{C4E543F1-4BAE-4E65-B6D9-85AC7ADFBA49}.Release|Any CPU.Build.0 = Release|Any CPU
		{C4E543F1-4BAE-4E65-B6D9-85AC7ADFBA49}.Release|x64.ActiveCfg = Release|Any CPU
		{C4E543F1-4BAE-4E65-B6D9-85AC7ADFBA49}.Release|x64.Build.0 = Release|Any CPU
		{C4E543F1-4BAE-4E65-B6D9-85AC7ADFBA49}.Release|x86.ActiveCfg = Release|Any CPU
		{C4E543F1-4BAE-4E65-B6D9-85AC7ADFBA49}.Release|x86.Build.0 = Release|Any CPU
		{6A78C2A6-6340-4235-8012-45517B025FCA}.Debug|Any CPU.ActiveCfg = Debug|Any CPU
		{6A78C2A6-6340-4235-8012-45517B025FCA}.Debug|Any CPU.Build.0 = Debug|Any CPU
		{6A78C2A6-6340-4235-8012-45517B025FCA}.Debug|x64.ActiveCfg = Debug|Any CPU
		{6A78C2A6-6340-4235-8012-45517B025FCA}.Debug|x64.Build.0 = Debug|Any CPU
		{6A78C2A6-6340-4235-8012-45517B025FCA}.Debug|x86.ActiveCfg = Debug|Any CPU
		{6A78C2A6-6340-4235-8012-45517B025FCA}.Debug|x86.Build.0 = Debug|Any CPU
		{6A78C2A6-6340-4235-8012-45517B025FCA}.Release|Any CPU.ActiveCfg = Release|Any CPU
		{6A78C2A6-6340-4235-8012-45517B025FCA}.Release|Any CPU.Build.0 = Release|Any CPU
		{6A78C2A6-6340-4235-8012-45517B025FCA}.Release|x64.ActiveCfg = Release|Any CPU
		{6A78C2A6-6340-4235-8012-45517B025FCA}.Release|x64.Build.0 = Release|Any CPU
		{6A78C2A6-6340-4235-8012-45517B025FCA}.Release|x86.ActiveCfg = Release|Any CPU
		{6A78C2A6-6340-4235-8012-45517B025FCA}.Release|x86.Build.0 = Release|Any CPU
		{2CE4A684-15EC-4DC3-87F3-06C2AA078867}.Debug|Any CPU.ActiveCfg = Debug|Any CPU
		{2CE4A684-15EC-4DC3-87F3-06C2AA078867}.Debug|Any CPU.Build.0 = Debug|Any CPU
		{2CE4A684-15EC-4DC3-87F3-06C2AA078867}.Debug|x64.ActiveCfg = Debug|Any CPU
		{2CE4A684-15EC-4DC3-87F3-06C2AA078867}.Debug|x64.Build.0 = Debug|Any CPU
		{2CE4A684-15EC-4DC3-87F3-06C2AA078867}.Debug|x86.ActiveCfg = Debug|Any CPU
		{2CE4A684-15EC-4DC3-87F3-06C2AA078867}.Debug|x86.Build.0 = Debug|Any CPU
		{2CE4A684-15EC-4DC3-87F3-06C2AA078867}.Release|Any CPU.ActiveCfg = Release|Any CPU
		{2CE4A684-15EC-4DC3-87F3-06C2AA078867}.Release|Any CPU.Build.0 = Release|Any CPU
		{2CE4A684-15EC-4DC3-87F3-06C2AA078867}.Release|x64.ActiveCfg = Release|Any CPU
		{2CE4A684-15EC-4DC3-87F3-06C2AA078867}.Release|x64.Build.0 = Release|Any CPU
		{2CE4A684-15EC-4DC3-87F3-06C2AA078867}.Release|x86.ActiveCfg = Release|Any CPU
		{2CE4A684-15EC-4DC3-87F3-06C2AA078867}.Release|x86.Build.0 = Release|Any CPU
		{FDF1D292-1B18-42B3-8594-B15F7164D958}.Debug|Any CPU.ActiveCfg = Debug|Any CPU
		{FDF1D292-1B18-42B3-8594-B15F7164D958}.Debug|Any CPU.Build.0 = Debug|Any CPU
		{FDF1D292-1B18-42B3-8594-B15F7164D958}.Debug|x64.ActiveCfg = Debug|Any CPU
		{FDF1D292-1B18-42B3-8594-B15F7164D958}.Debug|x64.Build.0 = Debug|Any CPU
		{FDF1D292-1B18-42B3-8594-B15F7164D958}.Debug|x86.ActiveCfg = Debug|Any CPU
		{FDF1D292-1B18-42B3-8594-B15F7164D958}.Debug|x86.Build.0 = Debug|Any CPU
		{FDF1D292-1B18-42B3-8594-B15F7164D958}.Release|Any CPU.ActiveCfg = Release|Any CPU
		{FDF1D292-1B18-42B3-8594-B15F7164D958}.Release|Any CPU.Build.0 = Release|Any CPU
		{FDF1D292-1B18-42B3-8594-B15F7164D958}.Release|x64.ActiveCfg = Release|Any CPU
		{FDF1D292-1B18-42B3-8594-B15F7164D958}.Release|x64.Build.0 = Release|Any CPU
		{FDF1D292-1B18-42B3-8594-B15F7164D958}.Release|x86.ActiveCfg = Release|Any CPU
		{FDF1D292-1B18-42B3-8594-B15F7164D958}.Release|x86.Build.0 = Release|Any CPU
		{CEBDEBDA-B6E5-4630-AB2D-1A19A4CBD643}.Debug|Any CPU.ActiveCfg = Debug|Any CPU
		{CEBDEBDA-B6E5-4630-AB2D-1A19A4CBD643}.Debug|Any CPU.Build.0 = Debug|Any CPU
		{CEBDEBDA-B6E5-4630-AB2D-1A19A4CBD643}.Debug|x64.ActiveCfg = Debug|Any CPU
		{CEBDEBDA-B6E5-4630-AB2D-1A19A4CBD643}.Debug|x64.Build.0 = Debug|Any CPU
		{CEBDEBDA-B6E5-4630-AB2D-1A19A4CBD643}.Debug|x86.ActiveCfg = Debug|Any CPU
		{CEBDEBDA-B6E5-4630-AB2D-1A19A4CBD643}.Debug|x86.Build.0 = Debug|Any CPU
		{CEBDEBDA-B6E5-4630-AB2D-1A19A4CBD643}.Release|Any CPU.ActiveCfg = Release|Any CPU
		{CEBDEBDA-B6E5-4630-AB2D-1A19A4CBD643}.Release|Any CPU.Build.0 = Release|Any CPU
		{CEBDEBDA-B6E5-4630-AB2D-1A19A4CBD643}.Release|x64.ActiveCfg = Release|Any CPU
		{CEBDEBDA-B6E5-4630-AB2D-1A19A4CBD643}.Release|x64.Build.0 = Release|Any CPU
		{CEBDEBDA-B6E5-4630-AB2D-1A19A4CBD643}.Release|x86.ActiveCfg = Release|Any CPU
		{CEBDEBDA-B6E5-4630-AB2D-1A19A4CBD643}.Release|x86.Build.0 = Release|Any CPU
		{0132C914-4930-4781-A588-EB9F61013A59}.Debug|Any CPU.ActiveCfg = Debug|Any CPU
		{0132C914-4930-4781-A588-EB9F61013A59}.Debug|Any CPU.Build.0 = Debug|Any CPU
		{0132C914-4930-4781-A588-EB9F61013A59}.Debug|x64.ActiveCfg = Debug|Any CPU
		{0132C914-4930-4781-A588-EB9F61013A59}.Debug|x64.Build.0 = Debug|Any CPU
		{0132C914-4930-4781-A588-EB9F61013A59}.Debug|x86.ActiveCfg = Debug|Any CPU
		{0132C914-4930-4781-A588-EB9F61013A59}.Debug|x86.Build.0 = Debug|Any CPU
		{0132C914-4930-4781-A588-EB9F61013A59}.Release|Any CPU.ActiveCfg = Release|Any CPU
		{0132C914-4930-4781-A588-EB9F61013A59}.Release|Any CPU.Build.0 = Release|Any CPU
		{0132C914-4930-4781-A588-EB9F61013A59}.Release|x64.ActiveCfg = Release|Any CPU
		{0132C914-4930-4781-A588-EB9F61013A59}.Release|x64.Build.0 = Release|Any CPU
		{0132C914-4930-4781-A588-EB9F61013A59}.Release|x86.ActiveCfg = Release|Any CPU
		{0132C914-4930-4781-A588-EB9F61013A59}.Release|x86.Build.0 = Release|Any CPU
		{A268D764-2EDE-4AC9-B331-D50CDBE9BEE7}.Debug|Any CPU.ActiveCfg = Debug|Any CPU
		{A268D764-2EDE-4AC9-B331-D50CDBE9BEE7}.Debug|Any CPU.Build.0 = Debug|Any CPU
		{A268D764-2EDE-4AC9-B331-D50CDBE9BEE7}.Debug|x64.ActiveCfg = Debug|Any CPU
		{A268D764-2EDE-4AC9-B331-D50CDBE9BEE7}.Debug|x64.Build.0 = Debug|Any CPU
		{A268D764-2EDE-4AC9-B331-D50CDBE9BEE7}.Debug|x86.ActiveCfg = Debug|Any CPU
		{A268D764-2EDE-4AC9-B331-D50CDBE9BEE7}.Debug|x86.Build.0 = Debug|Any CPU
		{A268D764-2EDE-4AC9-B331-D50CDBE9BEE7}.Release|Any CPU.ActiveCfg = Release|Any CPU
		{A268D764-2EDE-4AC9-B331-D50CDBE9BEE7}.Release|Any CPU.Build.0 = Release|Any CPU
		{A268D764-2EDE-4AC9-B331-D50CDBE9BEE7}.Release|x64.ActiveCfg = Release|Any CPU
		{A268D764-2EDE-4AC9-B331-D50CDBE9BEE7}.Release|x64.Build.0 = Release|Any CPU
		{A268D764-2EDE-4AC9-B331-D50CDBE9BEE7}.Release|x86.ActiveCfg = Release|Any CPU
		{A268D764-2EDE-4AC9-B331-D50CDBE9BEE7}.Release|x86.Build.0 = Release|Any CPU
		{C985964F-1329-41F5-80B4-DD8509066948}.Debug|Any CPU.ActiveCfg = Debug|Any CPU
		{C985964F-1329-41F5-80B4-DD8509066948}.Debug|Any CPU.Build.0 = Debug|Any CPU
		{C985964F-1329-41F5-80B4-DD8509066948}.Debug|x64.ActiveCfg = Debug|Any CPU
		{C985964F-1329-41F5-80B4-DD8509066948}.Debug|x64.Build.0 = Debug|Any CPU
		{C985964F-1329-41F5-80B4-DD8509066948}.Debug|x86.ActiveCfg = Debug|Any CPU
		{C985964F-1329-41F5-80B4-DD8509066948}.Debug|x86.Build.0 = Debug|Any CPU
		{C985964F-1329-41F5-80B4-DD8509066948}.Release|Any CPU.ActiveCfg = Release|Any CPU
		{C985964F-1329-41F5-80B4-DD8509066948}.Release|Any CPU.Build.0 = Release|Any CPU
		{C985964F-1329-41F5-80B4-DD8509066948}.Release|x64.ActiveCfg = Release|Any CPU
		{C985964F-1329-41F5-80B4-DD8509066948}.Release|x64.Build.0 = Release|Any CPU
		{C985964F-1329-41F5-80B4-DD8509066948}.Release|x86.ActiveCfg = Release|Any CPU
		{C985964F-1329-41F5-80B4-DD8509066948}.Release|x86.Build.0 = Release|Any CPU
		{20499D0F-94F4-4745-8F4E-2EC2CE7DCE0A}.Debug|Any CPU.ActiveCfg = Debug|Any CPU
		{20499D0F-94F4-4745-8F4E-2EC2CE7DCE0A}.Debug|Any CPU.Build.0 = Debug|Any CPU
		{20499D0F-94F4-4745-8F4E-2EC2CE7DCE0A}.Debug|x64.ActiveCfg = Debug|Any CPU
		{20499D0F-94F4-4745-8F4E-2EC2CE7DCE0A}.Debug|x64.Build.0 = Debug|Any CPU
		{20499D0F-94F4-4745-8F4E-2EC2CE7DCE0A}.Debug|x86.ActiveCfg = Debug|Any CPU
		{20499D0F-94F4-4745-8F4E-2EC2CE7DCE0A}.Debug|x86.Build.0 = Debug|Any CPU
		{20499D0F-94F4-4745-8F4E-2EC2CE7DCE0A}.Release|Any CPU.ActiveCfg = Release|Any CPU
		{20499D0F-94F4-4745-8F4E-2EC2CE7DCE0A}.Release|Any CPU.Build.0 = Release|Any CPU
		{20499D0F-94F4-4745-8F4E-2EC2CE7DCE0A}.Release|x64.ActiveCfg = Release|Any CPU
		{20499D0F-94F4-4745-8F4E-2EC2CE7DCE0A}.Release|x64.Build.0 = Release|Any CPU
		{20499D0F-94F4-4745-8F4E-2EC2CE7DCE0A}.Release|x86.ActiveCfg = Release|Any CPU
		{20499D0F-94F4-4745-8F4E-2EC2CE7DCE0A}.Release|x86.Build.0 = Release|Any CPU
	EndGlobalSection
	GlobalSection(SolutionProperties) = preSolution
		HideSolutionNode = FALSE
	EndGlobalSection
	GlobalSection(NestedProjects) = preSolution
		{1453E0A7-7529-44F9-AD4A-0FE0FFBC4507} = {827E0CD3-B72D-47B6-A68D-7590B98EB39B}
		{9F8D6113-2F2E-477B-9B34-27E75EEB73F2} = {827E0CD3-B72D-47B6-A68D-7590B98EB39B}
		{C4E543F1-4BAE-4E65-B6D9-85AC7ADFBA49} = {827E0CD3-B72D-47B6-A68D-7590B98EB39B}
		{6A78C2A6-6340-4235-8012-45517B025FCA} = {827E0CD3-B72D-47B6-A68D-7590B98EB39B}
		{2CE4A684-15EC-4DC3-87F3-06C2AA078867} = {827E0CD3-B72D-47B6-A68D-7590B98EB39B}
		{FDF1D292-1B18-42B3-8594-B15F7164D958} = {827E0CD3-B72D-47B6-A68D-7590B98EB39B}
		{CEBDEBDA-B6E5-4630-AB2D-1A19A4CBD643} = {827E0CD3-B72D-47B6-A68D-7590B98EB39B}
		{0132C914-4930-4781-A588-EB9F61013A59} = {827E0CD3-B72D-47B6-A68D-7590B98EB39B}
		{A268D764-2EDE-4AC9-B331-D50CDBE9BEE7} = {827E0CD3-B72D-47B6-A68D-7590B98EB39B}
		{C985964F-1329-41F5-80B4-DD8509066948} = {827E0CD3-B72D-47B6-A68D-7590B98EB39B}
		{20499D0F-94F4-4745-8F4E-2EC2CE7DCE0A} = {827E0CD3-B72D-47B6-A68D-7590B98EB39B}
	EndGlobalSection
EndGlobal
